// !$*UTF8*$!
{
	archiveVersion = 1;
	classes = {
	};
	objectVersion = 55;
	objects = {

/* Begin PBXBuildFile section */
		C9015D74287DA8C30078D0BB /* ActivityItemView.swift in Sources */ = {isa = PBXBuildFile; fileRef = C9015D73287DA8C30078D0BB /* ActivityItemView.swift */; };
		C91E8A0928740C4E00408BDF /* TopNavigation.swift in Sources */ = {isa = PBXBuildFile; fileRef = C91E8A0828740C4E00408BDF /* TopNavigation.swift */; };
		C91E8A172874274900408BDF /* OpenSans-SemiBold.ttf in Resources */ = {isa = PBXBuildFile; fileRef = C91E8A15287424F700408BDF /* OpenSans-SemiBold.ttf */; };
		C91E8A182874274900408BDF /* OpenSans-ExtraBold.ttf in Resources */ = {isa = PBXBuildFile; fileRef = C91E8A162874254200408BDF /* OpenSans-ExtraBold.ttf */; };
		C91E8A192874274900408BDF /* OpenSans-Medium.ttf in Resources */ = {isa = PBXBuildFile; fileRef = C91E8A13287424F700408BDF /* OpenSans-Medium.ttf */; };
		C91E8A1A2874274900408BDF /* OpenSans-Bold.ttf in Resources */ = {isa = PBXBuildFile; fileRef = C91E8A11287424F700408BDF /* OpenSans-Bold.ttf */; };
		C91E8A1B2874274900408BDF /* OpenSans-Light.ttf in Resources */ = {isa = PBXBuildFile; fileRef = C91E8A12287424F700408BDF /* OpenSans-Light.ttf */; };
		C91E8A1C2874274900408BDF /* OpenSans-Regular.ttf in Resources */ = {isa = PBXBuildFile; fileRef = C91E8A14287424F700408BDF /* OpenSans-Regular.ttf */; };
		C91E8A1E28742B4100408BDF /* SettingsView.swift in Sources */ = {isa = PBXBuildFile; fileRef = C91E8A1D28742B4100408BDF /* SettingsView.swift */; };
		C91E8A2028744E3900408BDF /* SettingsViewModel.swift in Sources */ = {isa = PBXBuildFile; fileRef = C91E8A1F28744E3900408BDF /* SettingsViewModel.swift */; };
		C91E8A222874590600408BDF /* ActivityView.swift in Sources */ = {isa = PBXBuildFile; fileRef = C91E8A212874590600408BDF /* ActivityView.swift */; };
		C91E8A242874591700408BDF /* ActivityViewModel.swift in Sources */ = {isa = PBXBuildFile; fileRef = C91E8A232874591700408BDF /* ActivityViewModel.swift */; };
		C91E8A2628745ADD00408BDF /* Activity.swift in Sources */ = {isa = PBXBuildFile; fileRef = C91E8A2528745ADD00408BDF /* Activity.swift */; };
		C924A67E2878647300C3276B /* LoginView.swift in Sources */ = {isa = PBXBuildFile; fileRef = C924A67D2878647300C3276B /* LoginView.swift */; };
		C924A680287C570500C3276B /* RegisterView.swift in Sources */ = {isa = PBXBuildFile; fileRef = C924A67F287C570500C3276B /* RegisterView.swift */; };
		C924A682287C5AD400C3276B /* RegisterViewModel.swift in Sources */ = {isa = PBXBuildFile; fileRef = C924A681287C5AD400C3276B /* RegisterViewModel.swift */; };
		C9479BC828784E7300810926 /* LoginViewModel.swift in Sources */ = {isa = PBXBuildFile; fileRef = C9479BC728784E7300810926 /* LoginViewModel.swift */; };
		C9A58B19287C620400AD02C8 /* TextFields.swift in Sources */ = {isa = PBXBuildFile; fileRef = C9A58B18287C620400AD02C8 /* TextFields.swift */; };
		C9CF45F0287C82C500270B09 /* Validation.swift in Sources */ = {isa = PBXBuildFile; fileRef = C9CF45EF287C82C500270B09 /* Validation.swift */; };
		C9CF45F2287C93C400270B09 /* ResetPasswordView.swift in Sources */ = {isa = PBXBuildFile; fileRef = C9CF45F1287C93C400270B09 /* ResetPasswordView.swift */; };
		C9CF45F4287C941D00270B09 /* ResetPasswordViewModel.swift in Sources */ = {isa = PBXBuildFile; fileRef = C9CF45F3287C941D00270B09 /* ResetPasswordViewModel.swift */; };
		C9CF45F6287D532300270B09 /* AuthView.swift in Sources */ = {isa = PBXBuildFile; fileRef = C9CF45F5287D532300270B09 /* AuthView.swift */; };
		C9CF45F8287D534900270B09 /* Buttons.swift in Sources */ = {isa = PBXBuildFile; fileRef = C9CF45F7287D534900270B09 /* Buttons.swift */; };
		C9CF45FA287D62B900270B09 /* Color.swift in Sources */ = {isa = PBXBuildFile; fileRef = C9CF45F9287D62B900270B09 /* Color.swift */; };
		C9DF3201287315E6000AC6BD /* GiftyApp.swift in Sources */ = {isa = PBXBuildFile; fileRef = C9DF3200287315E6000AC6BD /* GiftyApp.swift */; };
		C9DF3203287315E6000AC6BD /* ContentView.swift in Sources */ = {isa = PBXBuildFile; fileRef = C9DF3202287315E6000AC6BD /* ContentView.swift */; };
		C9DF3205287315EA000AC6BD /* Assets.xcassets in Resources */ = {isa = PBXBuildFile; fileRef = C9DF3204287315EA000AC6BD /* Assets.xcassets */; };
		C9DF3208287315EA000AC6BD /* Preview Assets.xcassets in Resources */ = {isa = PBXBuildFile; fileRef = C9DF3207287315EA000AC6BD /* Preview Assets.xcassets */; };
		C9DF321028731602000AC6BD /* TabBarView.swift in Sources */ = {isa = PBXBuildFile; fileRef = C9DF320F28731602000AC6BD /* TabBarView.swift */; };
/* End PBXBuildFile section */

/* Begin PBXFileReference section */
		C9015D73287DA8C30078D0BB /* ActivityItemView.swift */ = {isa = PBXFileReference; lastKnownFileType = sourcecode.swift; path = ActivityItemView.swift; sourceTree = "<group>"; };
		C91E8A0828740C4E00408BDF /* TopNavigation.swift */ = {isa = PBXFileReference; lastKnownFileType = sourcecode.swift; path = TopNavigation.swift; sourceTree = "<group>"; };
		C91E8A10287420F900408BDF /* Info.plist */ = {isa = PBXFileReference; lastKnownFileType = text.plist; path = Info.plist; sourceTree = "<group>"; };
		C91E8A11287424F700408BDF /* OpenSans-Bold.ttf */ = {isa = PBXFileReference; lastKnownFileType = file; path = "OpenSans-Bold.ttf"; sourceTree = "<group>"; };
		C91E8A12287424F700408BDF /* OpenSans-Light.ttf */ = {isa = PBXFileReference; lastKnownFileType = file; path = "OpenSans-Light.ttf"; sourceTree = "<group>"; };
		C91E8A13287424F700408BDF /* OpenSans-Medium.ttf */ = {isa = PBXFileReference; lastKnownFileType = file; path = "OpenSans-Medium.ttf"; sourceTree = "<group>"; };
		C91E8A14287424F700408BDF /* OpenSans-Regular.ttf */ = {isa = PBXFileReference; lastKnownFileType = file; path = "OpenSans-Regular.ttf"; sourceTree = "<group>"; };
		C91E8A15287424F700408BDF /* OpenSans-SemiBold.ttf */ = {isa = PBXFileReference; lastKnownFileType = file; path = "OpenSans-SemiBold.ttf"; sourceTree = "<group>"; };
		C91E8A162874254200408BDF /* OpenSans-ExtraBold.ttf */ = {isa = PBXFileReference; lastKnownFileType = file; path = "OpenSans-ExtraBold.ttf"; sourceTree = "<group>"; };
		C91E8A1D28742B4100408BDF /* SettingsView.swift */ = {isa = PBXFileReference; lastKnownFileType = sourcecode.swift; path = SettingsView.swift; sourceTree = "<group>"; };
		C91E8A1F28744E3900408BDF /* SettingsViewModel.swift */ = {isa = PBXFileReference; lastKnownFileType = sourcecode.swift; path = SettingsViewModel.swift; sourceTree = "<group>"; };
		C91E8A212874590600408BDF /* ActivityView.swift */ = {isa = PBXFileReference; lastKnownFileType = sourcecode.swift; path = ActivityView.swift; sourceTree = "<group>"; };
		C91E8A232874591700408BDF /* ActivityViewModel.swift */ = {isa = PBXFileReference; lastKnownFileType = sourcecode.swift; path = ActivityViewModel.swift; sourceTree = "<group>"; };
		C91E8A2528745ADD00408BDF /* Activity.swift */ = {isa = PBXFileReference; lastKnownFileType = sourcecode.swift; path = Activity.swift; sourceTree = "<group>"; };
		C924A67D2878647300C3276B /* LoginView.swift */ = {isa = PBXFileReference; lastKnownFileType = sourcecode.swift; path = LoginView.swift; sourceTree = "<group>"; };
		C924A67F287C570500C3276B /* RegisterView.swift */ = {isa = PBXFileReference; lastKnownFileType = sourcecode.swift; path = RegisterView.swift; sourceTree = "<group>"; };
		C924A681287C5AD400C3276B /* RegisterViewModel.swift */ = {isa = PBXFileReference; lastKnownFileType = sourcecode.swift; path = RegisterViewModel.swift; sourceTree = "<group>"; };
		C9479BC728784E7300810926 /* LoginViewModel.swift */ = {isa = PBXFileReference; lastKnownFileType = sourcecode.swift; path = LoginViewModel.swift; sourceTree = "<group>"; };
		C9A58B18287C620400AD02C8 /* TextFields.swift */ = {isa = PBXFileReference; lastKnownFileType = sourcecode.swift; path = TextFields.swift; sourceTree = "<group>"; };
		C9CF45EF287C82C500270B09 /* Validation.swift */ = {isa = PBXFileReference; lastKnownFileType = sourcecode.swift; path = Validation.swift; sourceTree = "<group>"; };
		C9CF45F1287C93C400270B09 /* ResetPasswordView.swift */ = {isa = PBXFileReference; lastKnownFileType = sourcecode.swift; path = ResetPasswordView.swift; sourceTree = "<group>"; };
		C9CF45F3287C941D00270B09 /* ResetPasswordViewModel.swift */ = {isa = PBXFileReference; lastKnownFileType = sourcecode.swift; path = ResetPasswordViewModel.swift; sourceTree = "<group>"; };
		C9CF45F5287D532300270B09 /* AuthView.swift */ = {isa = PBXFileReference; lastKnownFileType = sourcecode.swift; path = AuthView.swift; sourceTree = "<group>"; };
		C9CF45F7287D534900270B09 /* Buttons.swift */ = {isa = PBXFileReference; lastKnownFileType = sourcecode.swift; path = Buttons.swift; sourceTree = "<group>"; };
		C9CF45F9287D62B900270B09 /* Color.swift */ = {isa = PBXFileReference; lastKnownFileType = sourcecode.swift; path = Color.swift; sourceTree = "<group>"; };
		C9DF31FD287315E6000AC6BD /* Gifty.app */ = {isa = PBXFileReference; explicitFileType = wrapper.application; includeInIndex = 0; path = Gifty.app; sourceTree = BUILT_PRODUCTS_DIR; };
		C9DF3200287315E6000AC6BD /* GiftyApp.swift */ = {isa = PBXFileReference; lastKnownFileType = sourcecode.swift; path = GiftyApp.swift; sourceTree = "<group>"; };
		C9DF3202287315E6000AC6BD /* ContentView.swift */ = {isa = PBXFileReference; lastKnownFileType = sourcecode.swift; path = ContentView.swift; sourceTree = "<group>"; };
		C9DF3204287315EA000AC6BD /* Assets.xcassets */ = {isa = PBXFileReference; lastKnownFileType = folder.assetcatalog; path = Assets.xcassets; sourceTree = "<group>"; };
		C9DF3207287315EA000AC6BD /* Preview Assets.xcassets */ = {isa = PBXFileReference; lastKnownFileType = folder.assetcatalog; path = "Preview Assets.xcassets"; sourceTree = "<group>"; };
		C9DF320F28731602000AC6BD /* TabBarView.swift */ = {isa = PBXFileReference; lastKnownFileType = sourcecode.swift; path = TabBarView.swift; sourceTree = "<group>"; };
/* End PBXFileReference section */

/* Begin PBXFrameworksBuildPhase section */
		C9DF31FA287315E6000AC6BD /* Frameworks */ = {
			isa = PBXFrameworksBuildPhase;
			buildActionMask = 2147483647;
			files = (
			);
			runOnlyForDeploymentPostprocessing = 0;
		};
/* End PBXFrameworksBuildPhase section */

/* Begin PBXGroup section */
		C9DF31F4287315E6000AC6BD = {
			isa = PBXGroup;
			children = (
				C9DF31FF287315E6000AC6BD /* Gifty */,
				C9DF31FE287315E6000AC6BD /* Products */,
			);
			sourceTree = "<group>";
		};
		C9DF31FE287315E6000AC6BD /* Products */ = {
			isa = PBXGroup;
			children = (
				C9DF31FD287315E6000AC6BD /* Gifty.app */,
			);
			name = Products;
			sourceTree = "<group>";
		};
		C9DF31FF287315E6000AC6BD /* Gifty */ = {
			isa = PBXGroup;
			children = (
				C91E8A10287420F900408BDF /* Info.plist */,
				C9DF3200287315E6000AC6BD /* GiftyApp.swift */,
				C9DF3202287315E6000AC6BD /* ContentView.swift */,
				C9479BC728784E7300810926 /* LoginViewModel.swift */,
				C924A67D2878647300C3276B /* LoginView.swift */,
				C9CF45F1287C93C400270B09 /* ResetPasswordView.swift */,
				C9CF45F5287D532300270B09 /* AuthView.swift */,
				C9CF45F9287D62B900270B09 /* Color.swift */,
				C9CF45F7287D534900270B09 /* Buttons.swift */,
				C9CF45F3287C941D00270B09 /* ResetPasswordViewModel.swift */,
				C924A67F287C570500C3276B /* RegisterView.swift */,
				C9CF45EF287C82C500270B09 /* Validation.swift */,
				C9A58B18287C620400AD02C8 /* TextFields.swift */,
				C924A681287C5AD400C3276B /* RegisterViewModel.swift */,
				C91E8A212874590600408BDF /* ActivityView.swift */,
				C9015D73287DA8C30078D0BB /* ActivityItemView.swift */,
				C91E8A232874591700408BDF /* ActivityViewModel.swift */,
				C91E8A2528745ADD00408BDF /* Activity.swift */,
				C91E8A1D28742B4100408BDF /* SettingsView.swift */,
				C91E8A1F28744E3900408BDF /* SettingsViewModel.swift */,
				C9DF320F28731602000AC6BD /* TabBarView.swift */,
				C91E8A0828740C4E00408BDF /* TopNavigation.swift */,
				C9DF320E287315F4000AC6BD /* Fonts */,
				C9DF3204287315EA000AC6BD /* Assets.xcassets */,
				C9DF3206287315EA000AC6BD /* Preview Content */,
			);
			path = Gifty;
			sourceTree = "<group>";
		};
		C9DF3206287315EA000AC6BD /* Preview Content */ = {
			isa = PBXGroup;
			children = (
				C9DF3207287315EA000AC6BD /* Preview Assets.xcassets */,
			);
			path = "Preview Content";
			sourceTree = "<group>";
		};
		C9DF320E287315F4000AC6BD /* Fonts */ = {
			isa = PBXGroup;
			children = (
				C91E8A11287424F700408BDF /* OpenSans-Bold.ttf */,
				C91E8A12287424F700408BDF /* OpenSans-Light.ttf */,
				C91E8A13287424F700408BDF /* OpenSans-Medium.ttf */,
				C91E8A14287424F700408BDF /* OpenSans-Regular.ttf */,
				C91E8A15287424F700408BDF /* OpenSans-SemiBold.ttf */,
				C91E8A162874254200408BDF /* OpenSans-ExtraBold.ttf */,
			);
			path = Fonts;
			sourceTree = "<group>";
		};
/* End PBXGroup section */

/* Begin PBXNativeTarget section */
		C9DF31FC287315E6000AC6BD /* Gifty */ = {
			isa = PBXNativeTarget;
			buildConfigurationList = C9DF320B287315EA000AC6BD /* Build configuration list for PBXNativeTarget "Gifty" */;
			buildPhases = (
				C9DF31F9287315E6000AC6BD /* Sources */,
				C9DF31FA287315E6000AC6BD /* Frameworks */,
				C9DF31FB287315E6000AC6BD /* Resources */,
			);
			buildRules = (
			);
			dependencies = (
			);
			name = Gifty;
			productName = Gifty;
			productReference = C9DF31FD287315E6000AC6BD /* Gifty.app */;
			productType = "com.apple.product-type.application";
		};
/* End PBXNativeTarget section */

/* Begin PBXProject section */
		C9DF31F5287315E6000AC6BD /* Project object */ = {
			isa = PBXProject;
			attributes = {
				BuildIndependentTargetsInParallel = 1;
				LastSwiftUpdateCheck = 1340;
				LastUpgradeCheck = 1340;
				TargetAttributes = {
					C9DF31FC287315E6000AC6BD = {
						CreatedOnToolsVersion = 13.4.1;
					};
				};
			};
			buildConfigurationList = C9DF31F8287315E6000AC6BD /* Build configuration list for PBXProject "Gifty" */;
			compatibilityVersion = "Xcode 13.0";
			developmentRegion = en;
			hasScannedForEncodings = 0;
			knownRegions = (
				en,
				Base,
			);
			mainGroup = C9DF31F4287315E6000AC6BD;
			productRefGroup = C9DF31FE287315E6000AC6BD /* Products */;
			projectDirPath = "";
			projectRoot = "";
			targets = (
				C9DF31FC287315E6000AC6BD /* Gifty */,
			);
		};
/* End PBXProject section */

/* Begin PBXResourcesBuildPhase section */
		C9DF31FB287315E6000AC6BD /* Resources */ = {
			isa = PBXResourcesBuildPhase;
			buildActionMask = 2147483647;
			files = (
				C9DF3208287315EA000AC6BD /* Preview Assets.xcassets in Resources */,
				C91E8A172874274900408BDF /* OpenSans-SemiBold.ttf in Resources */,
				C91E8A1B2874274900408BDF /* OpenSans-Light.ttf in Resources */,
				C91E8A1A2874274900408BDF /* OpenSans-Bold.ttf in Resources */,
				C9DF3205287315EA000AC6BD /* Assets.xcassets in Resources */,
				C91E8A192874274900408BDF /* OpenSans-Medium.ttf in Resources */,
				C91E8A1C2874274900408BDF /* OpenSans-Regular.ttf in Resources */,
				C91E8A182874274900408BDF /* OpenSans-ExtraBold.ttf in Resources */,
			);
			runOnlyForDeploymentPostprocessing = 0;
		};
/* End PBXResourcesBuildPhase section */

/* Begin PBXSourcesBuildPhase section */
		C9DF31F9287315E6000AC6BD /* Sources */ = {
			isa = PBXSourcesBuildPhase;
			buildActionMask = 2147483647;
			files = (
				C91E8A1E28742B4100408BDF /* SettingsView.swift in Sources */,
				C9DF3203287315E6000AC6BD /* ContentView.swift in Sources */,
				C91E8A2628745ADD00408BDF /* Activity.swift in Sources */,
				C9CF45F2287C93C400270B09 /* ResetPasswordView.swift in Sources */,
				C924A680287C570500C3276B /* RegisterView.swift in Sources */,
				C9015D74287DA8C30078D0BB /* ActivityItemView.swift in Sources */,
				C9DF321028731602000AC6BD /* TabBarView.swift in Sources */,
				C9A58B19287C620400AD02C8 /* TextFields.swift in Sources */,
				C9CF45F4287C941D00270B09 /* ResetPasswordViewModel.swift in Sources */,
				C9CF45F6287D532300270B09 /* AuthView.swift in Sources */,
				C91E8A0928740C4E00408BDF /* TopNavigation.swift in Sources */,
				C9DF3201287315E6000AC6BD /* GiftyApp.swift in Sources */,
				C9479BC828784E7300810926 /* LoginViewModel.swift in Sources */,
				C924A682287C5AD400C3276B /* RegisterViewModel.swift in Sources */,
				C9CF45FA287D62B900270B09 /* Color.swift in Sources */,
				C91E8A242874591700408BDF /* ActivityViewModel.swift in Sources */,
				C91E8A2028744E3900408BDF /* SettingsViewModel.swift in Sources */,
				C924A67E2878647300C3276B /* LoginView.swift in Sources */,
				C9CF45F8287D534900270B09 /* Buttons.swift in Sources */,
				C9CF45F0287C82C500270B09 /* Validation.swift in Sources */,
				C91E8A222874590600408BDF /* ActivityView.swift in Sources */,
			);
			runOnlyForDeploymentPostprocessing = 0;
		};
/* End PBXSourcesBuildPhase section */

/* Begin XCBuildConfiguration section */
		C9DF3209287315EA000AC6BD /* Debug */ = {
			isa = XCBuildConfiguration;
			buildSettings = {
				ALWAYS_SEARCH_USER_PATHS = NO;
				CLANG_ANALYZER_NONNULL = YES;
				CLANG_ANALYZER_NUMBER_OBJECT_CONVERSION = YES_AGGRESSIVE;
				CLANG_CXX_LANGUAGE_STANDARD = "gnu++17";
				CLANG_ENABLE_MODULES = YES;
				CLANG_ENABLE_OBJC_ARC = YES;
				CLANG_ENABLE_OBJC_WEAK = YES;
				CLANG_WARN_BLOCK_CAPTURE_AUTORELEASING = YES;
				CLANG_WARN_BOOL_CONVERSION = YES;
				CLANG_WARN_COMMA = YES;
				CLANG_WARN_CONSTANT_CONVERSION = YES;
				CLANG_WARN_DEPRECATED_OBJC_IMPLEMENTATIONS = YES;
				CLANG_WARN_DIRECT_OBJC_ISA_USAGE = YES_ERROR;
				CLANG_WARN_DOCUMENTATION_COMMENTS = YES;
				CLANG_WARN_EMPTY_BODY = YES;
				CLANG_WARN_ENUM_CONVERSION = YES;
				CLANG_WARN_INFINITE_RECURSION = YES;
				CLANG_WARN_INT_CONVERSION = YES;
				CLANG_WARN_NON_LITERAL_NULL_CONVERSION = YES;
				CLANG_WARN_OBJC_IMPLICIT_RETAIN_SELF = YES;
				CLANG_WARN_OBJC_LITERAL_CONVERSION = YES;
				CLANG_WARN_OBJC_ROOT_CLASS = YES_ERROR;
				CLANG_WARN_QUOTED_INCLUDE_IN_FRAMEWORK_HEADER = YES;
				CLANG_WARN_RANGE_LOOP_ANALYSIS = YES;
				CLANG_WARN_STRICT_PROTOTYPES = YES;
				CLANG_WARN_SUSPICIOUS_MOVE = YES;
				CLANG_WARN_UNGUARDED_AVAILABILITY = YES_AGGRESSIVE;
				CLANG_WARN_UNREACHABLE_CODE = YES;
				CLANG_WARN__DUPLICATE_METHOD_MATCH = YES;
				COPY_PHASE_STRIP = NO;
				DEBUG_INFORMATION_FORMAT = dwarf;
				ENABLE_STRICT_OBJC_MSGSEND = YES;
				ENABLE_TESTABILITY = YES;
				GCC_C_LANGUAGE_STANDARD = gnu11;
				GCC_DYNAMIC_NO_PIC = NO;
				GCC_NO_COMMON_BLOCKS = YES;
				GCC_OPTIMIZATION_LEVEL = 0;
				GCC_PREPROCESSOR_DEFINITIONS = (
					"DEBUG=1",
					"$(inherited)",
				);
				GCC_WARN_64_TO_32_BIT_CONVERSION = YES;
				GCC_WARN_ABOUT_RETURN_TYPE = YES_ERROR;
				GCC_WARN_UNDECLARED_SELECTOR = YES;
				GCC_WARN_UNINITIALIZED_AUTOS = YES_AGGRESSIVE;
				GCC_WARN_UNUSED_FUNCTION = YES;
				GCC_WARN_UNUSED_VARIABLE = YES;
				IPHONEOS_DEPLOYMENT_TARGET = 15.5;
				MTL_ENABLE_DEBUG_INFO = INCLUDE_SOURCE;
				MTL_FAST_MATH = YES;
				ONLY_ACTIVE_ARCH = YES;
				SDKROOT = iphoneos;
				SWIFT_ACTIVE_COMPILATION_CONDITIONS = DEBUG;
				SWIFT_OPTIMIZATION_LEVEL = "-Onone";
			};
			name = Debug;
		};
		C9DF320A287315EA000AC6BD /* Release */ = {
			isa = XCBuildConfiguration;
			buildSettings = {
				ALWAYS_SEARCH_USER_PATHS = NO;
				CLANG_ANALYZER_NONNULL = YES;
				CLANG_ANALYZER_NUMBER_OBJECT_CONVERSION = YES_AGGRESSIVE;
				CLANG_CXX_LANGUAGE_STANDARD = "gnu++17";
				CLANG_ENABLE_MODULES = YES;
				CLANG_ENABLE_OBJC_ARC = YES;
				CLANG_ENABLE_OBJC_WEAK = YES;
				CLANG_WARN_BLOCK_CAPTURE_AUTORELEASING = YES;
				CLANG_WARN_BOOL_CONVERSION = YES;
				CLANG_WARN_COMMA = YES;
				CLANG_WARN_CONSTANT_CONVERSION = YES;
				CLANG_WARN_DEPRECATED_OBJC_IMPLEMENTATIONS = YES;
				CLANG_WARN_DIRECT_OBJC_ISA_USAGE = YES_ERROR;
				CLANG_WARN_DOCUMENTATION_COMMENTS = YES;
				CLANG_WARN_EMPTY_BODY = YES;
				CLANG_WARN_ENUM_CONVERSION = YES;
				CLANG_WARN_INFINITE_RECURSION = YES;
				CLANG_WARN_INT_CONVERSION = YES;
				CLANG_WARN_NON_LITERAL_NULL_CONVERSION = YES;
				CLANG_WARN_OBJC_IMPLICIT_RETAIN_SELF = YES;
				CLANG_WARN_OBJC_LITERAL_CONVERSION = YES;
				CLANG_WARN_OBJC_ROOT_CLASS = YES_ERROR;
				CLANG_WARN_QUOTED_INCLUDE_IN_FRAMEWORK_HEADER = YES;
				CLANG_WARN_RANGE_LOOP_ANALYSIS = YES;
				CLANG_WARN_STRICT_PROTOTYPES = YES;
				CLANG_WARN_SUSPICIOUS_MOVE = YES;
				CLANG_WARN_UNGUARDED_AVAILABILITY = YES_AGGRESSIVE;
				CLANG_WARN_UNREACHABLE_CODE = YES;
				CLANG_WARN__DUPLICATE_METHOD_MATCH = YES;
				COPY_PHASE_STRIP = NO;
				DEBUG_INFORMATION_FORMAT = "dwarf-with-dsym";
				ENABLE_NS_ASSERTIONS = NO;
				ENABLE_STRICT_OBJC_MSGSEND = YES;
				GCC_C_LANGUAGE_STANDARD = gnu11;
				GCC_NO_COMMON_BLOCKS = YES;
				GCC_WARN_64_TO_32_BIT_CONVERSION = YES;
				GCC_WARN_ABOUT_RETURN_TYPE = YES_ERROR;
				GCC_WARN_UNDECLARED_SELECTOR = YES;
				GCC_WARN_UNINITIALIZED_AUTOS = YES_AGGRESSIVE;
				GCC_WARN_UNUSED_FUNCTION = YES;
				GCC_WARN_UNUSED_VARIABLE = YES;
				IPHONEOS_DEPLOYMENT_TARGET = 15.5;
				MTL_ENABLE_DEBUG_INFO = NO;
				MTL_FAST_MATH = YES;
				SDKROOT = iphoneos;
				SWIFT_COMPILATION_MODE = wholemodule;
				SWIFT_OPTIMIZATION_LEVEL = "-O";
				VALIDATE_PRODUCT = YES;
			};
			name = Release;
		};
		C9DF320C287315EA000AC6BD /* Debug */ = {
			isa = XCBuildConfiguration;
			buildSettings = {
				ASSETCATALOG_COMPILER_APPICON_NAME = AppIcon;
				ASSETCATALOG_COMPILER_GLOBAL_ACCENT_COLOR_NAME = AccentColor;
				CODE_SIGN_IDENTITY = "Apple Development";
				CODE_SIGN_STYLE = Automatic;
				CURRENT_PROJECT_VERSION = 1;
				DEVELOPMENT_ASSET_PATHS = "\"Gifty/Preview Content\"";
				DEVELOPMENT_TEAM = CVR223BS4M;
				ENABLE_PREVIEWS = YES;
				GENERATE_INFOPLIST_FILE = YES;
				INFOPLIST_FILE = Gifty/Info.plist;
				INFOPLIST_KEY_UIApplicationSceneManifest_Generation = YES;
				INFOPLIST_KEY_UIApplicationSupportsIndirectInputEvents = YES;
				INFOPLIST_KEY_UILaunchScreen_Generation = YES;
				INFOPLIST_KEY_UISupportedInterfaceOrientations_iPad = "UIInterfaceOrientationPortrait UIInterfaceOrientationPortraitUpsideDown UIInterfaceOrientationLandscapeLeft UIInterfaceOrientationLandscapeRight";
				INFOPLIST_KEY_UISupportedInterfaceOrientations_iPhone = "UIInterfaceOrientationPortrait UIInterfaceOrientationLandscapeLeft UIInterfaceOrientationLandscapeRight";
				LD_RUNPATH_SEARCH_PATHS = (
					"$(inherited)",
					"@executable_path/Frameworks",
				);
				MARKETING_VERSION = 1.0;
				PRODUCT_BUNDLE_IDENTIFIER = com.michaelamiro.Gifty;
				PRODUCT_NAME = "$(TARGET_NAME)";
				PROVISIONING_PROFILE_SPECIFIER = "";
				SWIFT_EMIT_LOC_STRINGS = YES;
				SWIFT_VERSION = 5.0;
				TARGETED_DEVICE_FAMILY = "1,2";
			};
			name = Debug;
		};
		C9DF320D287315EA000AC6BD /* Release */ = {
			isa = XCBuildConfiguration;
			buildSettings = {
				ASSETCATALOG_COMPILER_APPICON_NAME = AppIcon;
				ASSETCATALOG_COMPILER_GLOBAL_ACCENT_COLOR_NAME = AccentColor;
				CODE_SIGN_IDENTITY = "Apple Development";
				CODE_SIGN_STYLE = Automatic;
				CURRENT_PROJECT_VERSION = 1;
				DEVELOPMENT_ASSET_PATHS = "\"Gifty/Preview Content\"";
				DEVELOPMENT_TEAM = CVR223BS4M;
				ENABLE_PREVIEWS = YES;
				GENERATE_INFOPLIST_FILE = YES;
				INFOPLIST_FILE = Gifty/Info.plist;
				INFOPLIST_KEY_UIApplicationSceneManifest_Generation = YES;
				INFOPLIST_KEY_UIApplicationSupportsIndirectInputEvents = YES;
				INFOPLIST_KEY_UILaunchScreen_Generation = YES;
				INFOPLIST_KEY_UISupportedInterfaceOrientations_iPad = "UIInterfaceOrientationPortrait UIInterfaceOrientationPortraitUpsideDown UIInterfaceOrientationLandscapeLeft UIInterfaceOrientationLandscapeRight";
				INFOPLIST_KEY_UISupportedInterfaceOrientations_iPhone = "UIInterfaceOrientationPortrait UIInterfaceOrientationLandscapeLeft UIInterfaceOrientationLandscapeRight";
				LD_RUNPATH_SEARCH_PATHS = (
					"$(inherited)",
					"@executable_path/Frameworks",
				);
				MARKETING_VERSION = 1.0;
				PRODUCT_BUNDLE_IDENTIFIER = com.michaelamiro.Gifty;
				PRODUCT_NAME = "$(TARGET_NAME)";
				PROVISIONING_PROFILE_SPECIFIER = "";
				SWIFT_EMIT_LOC_STRINGS = YES;
				SWIFT_VERSION = 5.0;
				TARGETED_DEVICE_FAMILY = "1,2";
			};
			name = Release;
		};
/* End XCBuildConfiguration section */

/* Begin XCConfigurationList section */
		C9DF31F8287315E6000AC6BD /* Build configuration list for PBXProject "Gifty" */ = {
			isa = XCConfigurationList;
			buildConfigurations = (
				C9DF3209287315EA000AC6BD /* Debug */,
				C9DF320A287315EA000AC6BD /* Release */,
			);
			defaultConfigurationIsVisible = 0;
			defaultConfigurationName = Release;
		};
		C9DF320B287315EA000AC6BD /* Build configuration list for PBXNativeTarget "Gifty" */ = {
			isa = XCConfigurationList;
			buildConfigurations = (
				C9DF320C287315EA000AC6BD /* Debug */,
				C9DF320D287315EA000AC6BD /* Release */,
			);
			defaultConfigurationIsVisible = 0;
			defaultConfigurationName = Release;
		};
/* End XCConfigurationList section */
	};
	rootObject = C9DF31F5287315E6000AC6BD /* Project object */;
}
